# THIS IS AN AUTOGENERATED FILE. DO NOT EDIT THIS FILE DIRECTLY.
# yarn lockfile v1


"@craco/craco@^5.6.4":
  version "5.6.4"
  resolved "https://registry.yarnpkg.com/@craco/craco/-/craco-5.6.4.tgz#de7a707c727864f39e6afc192fb6732c3ca45f90"
  integrity sha512-/Qi6yPMOBC7SEZJEDI5vYaPiGFs7HzO4AAZkGB0W3MX2OCw4u4FZC+ZO6TBptGzM3QLrF7WFt5AyQnXhNBcn3A==
  dependencies:
    cross-spawn "^7.0.0"
    lodash "^4.17.15"
    webpack-merge "^4.2.2"

"@types/prop-types@*":
  version "15.7.3"
  resolved "https://registry.yarnpkg.com/@types/prop-types/-/prop-types-15.7.3.tgz#2ab0d5da2e5815f94b0b9d4b95d1e5f243ab2ca7"
  integrity sha512-KfRL3PuHmqQLOG+2tGpRO26Ctg+Cq1E01D2DMriKEATHgWLfeNDmq9e29Q9WIky0dQ3NPkd1mzYH8Lm936Z9qw==

"@types/react-dom@^16.9.5":
  version "16.9.5"
  resolved "https://registry.yarnpkg.com/@types/react-dom/-/react-dom-16.9.5.tgz#5de610b04a35d07ffd8f44edad93a71032d9aaa7"
  integrity sha512-BX6RQ8s9D+2/gDhxrj8OW+YD4R+8hj7FEM/OJHGNR0KipE1h1mSsf39YeyC81qafkq+N3rU3h3RFbLSwE5VqUg==
  dependencies:
    "@types/react" "*"

"@types/react@*":
  version "16.9.27"
  resolved "https://registry.yarnpkg.com/@types/react/-/react-16.9.27.tgz#7fc5db99e3ec3f21735b44d3560cff684856814a"
  integrity sha512-j+RvQb9w7a2kZFBOgTh+s/elCwtqWUMN6RJNdmz0ntmwpeoMHKnyhUcmYBu7Yw94Rtj9938D+TJSn6WGcq2+OA==
  dependencies:
    "@types/prop-types" "*"
    csstype "^2.2.0"

cross-spawn@^7.0.0:
  version "7.0.1"
  resolved "https://registry.yarnpkg.com/cross-spawn/-/cross-spawn-7.0.1.tgz#0ab56286e0f7c24e153d04cc2aa027e43a9a5d14"
  integrity sha512-u7v4o84SwFpD32Z8IIcPZ6z1/ie24O6RU3RbtL5Y316l3KuHVPx9ItBgWQ6VlfAFnRnTtMUrsQ9MUUTuEZjogg==
  dependencies:
    path-key "^3.1.0"
    shebang-command "^2.0.0"
    which "^2.0.1"

csstype@^2.2.0:
  version "2.6.10"
  resolved "https://registry.yarnpkg.com/csstype/-/csstype-2.6.10.tgz#e63af50e66d7c266edb6b32909cfd0aabe03928b"
  integrity sha512-D34BqZU4cIlMCY93rZHbrq9pjTAQJ3U8S8rfBqjwHxkGPThWFjzZDQpgMJY0QViLxth6ZKYiwFBo14RdN44U/w==

isexe@^2.0.0:
  version "2.0.0"
  resolved "https://registry.yarnpkg.com/isexe/-/isexe-2.0.0.tgz#e8fbf374dc556ff8947a10dcb0572d633f2cfa10"
  integrity sha1-6PvzdNxVb/iUehDcsFctYz8s+hA=

lodash@^4.17.15:
  version "4.17.21"
  resolved "https://registry.yarnpkg.com/lodash/-/lodash-4.17.21.tgz#679591c564c3bffaae8454cf0b3df370c3d6911c"
  integrity sha512-v2kDEe57lecTulaDIuNTPy3Ry4gLGJ6Z1O3vE1krgXZNrsQ+LFTGHVxVjcXPs17LhbZVGedAJv8XZ1tvj5FvSg==

path-key@^3.1.0:
  version "3.1.1"
  resolved "https://registry.yarnpkg.com/path-key/-/path-key-3.1.1.tgz#581f6ade658cbba65a0d3380de7753295054f375"
  integrity sha512-ojmeN0qd+y0jszEtoY48r0Peq5dwMEkIlCOu6Q5f41lfkswXuKtYrhgoTpLnyIcHm24Uhqx+5Tqm2InSwLhE6Q==

shebang-command@^2.0.0:
  version "2.0.0"
  resolved "https://registry.yarnpkg.com/shebang-command/-/shebang-command-2.0.0.tgz#ccd0af4f8835fbdc265b82461aaf0c36663f34ea"
  integrity sha512-kHxr2zZpYtdmrN1qDjrrX/Z1rR1kG8Dx+gkpK1G4eXmvXswmcE1hTWBWYUzlraYw1/yZp6YuDY77YtvbN0dmDA==
  dependencies:
    shebang-regex "^3.0.0"

shebang-regex@^3.0.0:
  version "3.0.0"
  resolved "https://registry.yarnpkg.com/shebang-regex/-/shebang-regex-3.0.0.tgz#ae16f1644d873ecad843b0307b143362d4c42172"
  integrity sha512-7++dFhtcx3353uBaq8DDR4NuxBetBzC7ZQOhmTQInHEd6bSrXdiEyzCvG07Z44UYdLShWUyXt5M/yhz8ekcb1A==

typesafe-actions@^5.1.0:
  version "5.1.0"
  resolved "https://registry.yarnpkg.com/typesafe-actions/-/typesafe-actions-5.1.0.tgz#9afe8b1e6a323af1fd59e6a57b11b7dd6623d2f1"
  integrity sha512-bna6Yi1pRznoo6Bz1cE6btB/Yy8Xywytyfrzu/wc+NFW3ZF0I+2iCGImhBsoYYCOWuICtRO4yHcnDlzgo1AdNg==

webpack-merge@^4.2.2:
  version "4.2.2"
  resolved "https://registry.yarnpkg.com/webpack-merge/-/webpack-merge-4.2.2.tgz#a27c52ea783d1398afd2087f547d7b9d2f43634d"
  integrity sha512-TUE1UGoTX2Cd42j3krGYqObZbOD+xF7u28WB7tfUordytSjbWTIjK/8V0amkBfTYN4/pB/GIDlJZZ657BGG19g==
  dependencies:
    lodash "^4.17.15"

which@^2.0.1:
  version "2.0.2"
  resolved "https://registry.yarnpkg.com/which/-/which-2.0.2.tgz#7c6a8dd0a636a0327e10b59c9286eee93f3f51b1"
  integrity sha512-BLI3Tl1TW3Pvl70l3yq3Y64i+awpwXqsGBYWkkqMtnbXgrMD+yj7rhW0kuEDxzJaYXGjEW5ogapKNMEKNMjibA==
  dependencies:
    isexe "^2.0.0"
